
Microsoft Visual Studio Solution File, Format Version 12.00
# Visual Studio Version 16
VisualStudioVersion = 16.0.31727.386
MinimumVisualStudioVersion = 10.0.40219.1
Project("{FAE04EC0-301F-11D3-BF4B-00C04F79EFBC}") = "TCP_CLIENT_CHAT", "TCP_CLIENT_CHAT\TCP_CLIENT_CHAT.csproj", "{F49E02AF-7BA7-4E2F-9B32-77F68DFEE79A}"
EndProject
Project("{FAE04EC0-301F-11D3-BF4B-00C04F79EFBC}") = "TCP_SERVER_CHAT_form", "TCP_SERVER_CHAT_form\TCP_SERVER_CHAT_form.csproj", "{7F9BCE3E-5C6A-4B41-81C2-EF96809BBE27}"
EndProject
Global
	GlobalSection(SolutionConfigurationPlatforms) = preSolution
		Debug|Any CPU = Debug|Any CPU
		Release|Any CPU = Release|Any CPU
	EndGlobalSection
	GlobalSection(ProjectConfigurationPlatforms) = postSolution
		{F49E02AF-7BA7-4E2F-9B32-77F68DFEE79A}.Debug|Any CPU.ActiveCfg = Debug|Any CPU
		{F49E02AF-7BA7-4E2F-9B32-77F68DFEE79A}.Debug|Any CPU.Build.0 = Debug|Any CPU
		{F49E02AF-7BA7-4E2F-9B32-77F68DFEE79A}.Release|Any CPU.ActiveCfg = Release|Any CPU
		{F49E02AF-7BA7-4E2F-9B32-77F68DFEE79A}.Release|Any CPU.Build.0 = Release|Any CPU
		{7F9BCE3E-5C6A-4B41-81C2-EF96809BBE27}.Debug|Any CPU.ActiveCfg = Debug|Any CPU
		{7F9BCE3E-5C6A-4B41-81C2-EF96809BBE27}.Debug|Any CPU.Build.0 = Debug|Any CPU
		{7F9BCE3E-5C6A-4B41-81C2-EF96809BBE27}.Release|Any CPU.ActiveCfg = Release|Any CPU
		{7F9BCE3E-5C6A-4B41-81C2-EF96809BBE27}.Release|Any CPU.Build.0 = Release|Any CPU
	EndGlobalSection
	GlobalSection(SolutionProperties) = preSolution
		HideSolutionNode = FALSE
	EndGlobalSection
	GlobalSection(ExtensibilityGlobals) = postSolution
		SolutionGuid = {D67718B8-EC44-49B4-93EE-92992D2B7902}
	EndGlobalSection
EndGlobal
